
Microsoft Visual Studio Solution File, Format Version 12.00
# Visual Studio 15
VisualStudioVersion = 15.0.27004.2009
MinimumVisualStudioVersion = 10.0.40219.1
Project("{FAE04EC0-301F-11D3-BF4B-00C04F79EFBC}") = "LibraryPrototype", "LibraryPrototype\LibraryPrototype.csproj", "{AA66E7C1-0F0D-4061-9E0E-AAF0D830D4C4}"
EndProject
Project("{FAE04EC0-301F-11D3-BF4B-00C04F79EFBC}") = "ClientApp", "ClientApp\ClientApp.csproj", "{A4F8A50F-8080-4B3C-BB57-A2566D664297}"
EndProject
Project("{FAE04EC0-301F-11D3-BF4B-00C04F79EFBC}") = "GoogleDriveReader", "GoogleDriveReader\GoogleDriveReader.csproj", "{9CF1F85F-149E-454D-AD1A-D9E2054DE67E}"
EndProject
Project("{FAE04EC0-301F-11D3-BF4B-00C04F79EFBC}") = "ExpertGoggles.Core", "LibraryShared\ExpertGoggles.Core.csproj", "{C9308DB6-46B4-43AB-BE83-0AFBD46CFEC4}"
EndProject
Project("{FAE04EC0-301F-11D3-BF4B-00C04F79EFBC}") = "sleuthkit-sharp", "sleuthkit-sharp\sleuthkit-sharp.csproj", "{828A2D64-EFAD-496C-A369-7C8658AE4FFA}"
EndProject
Project("{FAE04EC0-301F-11D3-BF4B-00C04F79EFBC}") = "GoogleChromeReader", "GoogleChromeReader\GoogleChromeReader.csproj", "{7DC71691-EE21-4E64-8E1F-E1FA463EF4A4}"
EndProject
Project("{FAE04EC0-301F-11D3-BF4B-00C04F79EFBC}") = "ExpertGoggles.Firefox", "FirefoxReader\ExpertGoggles.Firefox.csproj", "{55071C77-BA54-4F1A-9511-B5FE153D424C}"
EndProject
Project("{FAE04EC0-301F-11D3-BF4B-00C04F79EFBC}") = "SkypeReader", "SkypeReader\SkypeReader.csproj", "{EEA71C8C-11BC-45D2-A4C0-B4CEDC4942EF}"
EndProject
Global
	GlobalSection(SolutionConfigurationPlatforms) = preSolution
		Debug|Any CPU = Debug|Any CPU
		Debug|x64 = Debug|x64
		Debug|x86 = Debug|x86
		Release|Any CPU = Release|Any CPU
		Release|x64 = Release|x64
		Release|x86 = Release|x86
	EndGlobalSection
	GlobalSection(ProjectConfigurationPlatforms) = postSolution
		{AA66E7C1-0F0D-4061-9E0E-AAF0D830D4C4}.Debug|Any CPU.ActiveCfg = Debug|Any CPU
		{AA66E7C1-0F0D-4061-9E0E-AAF0D830D4C4}.Debug|Any CPU.Build.0 = Debug|Any CPU
		{AA66E7C1-0F0D-4061-9E0E-AAF0D830D4C4}.Debug|x64.ActiveCfg = Debug|Any CPU
		{AA66E7C1-0F0D-4061-9E0E-AAF0D830D4C4}.Debug|x64.Build.0 = Debug|Any CPU
		{AA66E7C1-0F0D-4061-9E0E-AAF0D830D4C4}.Debug|x86.ActiveCfg = Debug|Any CPU
		{AA66E7C1-0F0D-4061-9E0E-AAF0D830D4C4}.Debug|x86.Build.0 = Debug|Any CPU
		{AA66E7C1-0F0D-4061-9E0E-AAF0D830D4C4}.Release|Any CPU.ActiveCfg = Release|Any CPU
		{AA66E7C1-0F0D-4061-9E0E-AAF0D830D4C4}.Release|Any CPU.Build.0 = Release|Any CPU
		{AA66E7C1-0F0D-4061-9E0E-AAF0D830D4C4}.Release|x64.ActiveCfg = Release|Any CPU
		{AA66E7C1-0F0D-4061-9E0E-AAF0D830D4C4}.Release|x64.Build.0 = Release|Any CPU
		{AA66E7C1-0F0D-4061-9E0E-AAF0D830D4C4}.Release|x86.ActiveCfg = Release|Any CPU
		{AA66E7C1-0F0D-4061-9E0E-AAF0D830D4C4}.Release|x86.Build.0 = Release|Any CPU
		{A4F8A50F-8080-4B3C-BB57-A2566D664297}.Debug|Any CPU.ActiveCfg = Debug|Any CPU
		{A4F8A50F-8080-4B3C-BB57-A2566D664297}.Debug|Any CPU.Build.0 = Debug|Any CPU
		{A4F8A50F-8080-4B3C-BB57-A2566D664297}.Debug|x64.ActiveCfg = Debug|Any CPU
		{A4F8A50F-8080-4B3C-BB57-A2566D664297}.Debug|x64.Build.0 = Debug|Any CPU
		{A4F8A50F-8080-4B3C-BB57-A2566D664297}.Debug|x86.ActiveCfg = Debug|x86
		{A4F8A50F-8080-4B3C-BB57-A2566D664297}.Debug|x86.Build.0 = Debug|x86
		{A4F8A50F-8080-4B3C-BB57-A2566D664297}.Release|Any CPU.ActiveCfg = Release|Any CPU
		{A4F8A50F-8080-4B3C-BB57-A2566D664297}.Release|Any CPU.Build.0 = Release|Any CPU
		{A4F8A50F-8080-4B3C-BB57-A2566D664297}.Release|x64.ActiveCfg = Release|Any CPU
		{A4F8A50F-8080-4B3C-BB57-A2566D664297}.Release|x64.Build.0 = Release|Any CPU
		{A4F8A50F-8080-4B3C-BB57-A2566D664297}.Release|x86.ActiveCfg = Release|x86
		{A4F8A50F-8080-4B3C-BB57-A2566D664297}.Release|x86.Build.0 = Release|x86
		{9CF1F85F-149E-454D-AD1A-D9E2054DE67E}.Debug|Any CPU.ActiveCfg = Debug|Any CPU
		{9CF1F85F-149E-454D-AD1A-D9E2054DE67E}.Debug|Any CPU.Build.0 = Debug|Any CPU
		{9CF1F85F-149E-454D-AD1A-D9E2054DE67E}.Debug|x64.ActiveCfg = Debug|Any CPU
		{9CF1F85F-149E-454D-AD1A-D9E2054DE67E}.Debug|x64.Build.0 = Debug|Any CPU
		{9CF1F85F-149E-454D-AD1A-D9E2054DE67E}.Debug|x86.ActiveCfg = Debug|Any CPU
		{9CF1F85F-149E-454D-AD1A-D9E2054DE67E}.Debug|x86.Build.0 = Debug|Any CPU
		{9CF1F85F-149E-454D-AD1A-D9E2054DE67E}.Release|Any CPU.ActiveCfg = Release|Any CPU
		{9CF1F85F-149E-454D-AD1A-D9E2054DE67E}.Release|Any CPU.Build.0 = Release|Any CPU
		{9CF1F85F-149E-454D-AD1A-D9E2054DE67E}.Release|x64.ActiveCfg = Release|Any CPU
		{9CF1F85F-149E-454D-AD1A-D9E2054DE67E}.Release|x64.Build.0 = Release|Any CPU
		{9CF1F85F-149E-454D-AD1A-D9E2054DE67E}.Release|x86.ActiveCfg = Release|Any CPU
		{9CF1F85F-149E-454D-AD1A-D9E2054DE67E}.Release|x86.Build.0 = Release|Any CPU
		{C9308DB6-46B4-43AB-BE83-0AFBD46CFEC4}.Debug|Any CPU.ActiveCfg = Debug|Any CPU
		{C9308DB6-46B4-43AB-BE83-0AFBD46CFEC4}.Debug|Any CPU.Build.0 = Debug|Any CPU
		{C9308DB6-46B4-43AB-BE83-0AFBD46CFEC4}.Debug|x64.ActiveCfg = Debug|Any CPU
		{C9308DB6-46B4-43AB-BE83-0AFBD46CFEC4}.Debug|x64.Build.0 = Debug|Any CPU
		{C9308DB6-46B4-43AB-BE83-0AFBD46CFEC4}.Debug|x86.ActiveCfg = Debug|Any CPU
		{C9308DB6-46B4-43AB-BE83-0AFBD46CFEC4}.Debug|x86.Build.0 = Debug|Any CPU
		{C9308DB6-46B4-43AB-BE83-0AFBD46CFEC4}.Release|Any CPU.ActiveCfg = Release|Any CPU
		{C9308DB6-46B4-43AB-BE83-0AFBD46CFEC4}.Release|Any CPU.Build.0 = Release|Any CPU
		{C9308DB6-46B4-43AB-BE83-0AFBD46CFEC4}.Release|x64.ActiveCfg = Release|Any CPU
		{C9308DB6-46B4-43AB-BE83-0AFBD46CFEC4}.Release|x64.Build.0 = Release|Any CPU
		{C9308DB6-46B4-43AB-BE83-0AFBD46CFEC4}.Release|x86.ActiveCfg = Release|Any CPU
		{C9308DB6-46B4-43AB-BE83-0AFBD46CFEC4}.Release|x86.Build.0 = Release|Any CPU
		{828A2D64-EFAD-496C-A369-7C8658AE4FFA}.Debug|Any CPU.ActiveCfg = Debug|Any CPU
		{828A2D64-EFAD-496C-A369-7C8658AE4FFA}.Debug|Any CPU.Build.0 = Debug|Any CPU
		{828A2D64-EFAD-496C-A369-7C8658AE4FFA}.Debug|x64.ActiveCfg = Debug|x64
		{828A2D64-EFAD-496C-A369-7C8658AE4FFA}.Debug|x64.Build.0 = Debug|x64
		{828A2D64-EFAD-496C-A369-7C8658AE4FFA}.Debug|x86.ActiveCfg = Debug|x86
		{828A2D64-EFAD-496C-A369-7C8658AE4FFA}.Debug|x86.Build.0 = Debug|x86
		{828A2D64-EFAD-496C-A369-7C8658AE4FFA}.Release|Any CPU.ActiveCfg = Release|Any CPU
		{828A2D64-EFAD-496C-A369-7C8658AE4FFA}.Release|Any CPU.Build.0 = Release|Any CPU
		{828A2D64-EFAD-496C-A369-7C8658AE4FFA}.Release|x64.ActiveCfg = Release|x64
		{828A2D64-EFAD-496C-A369-7C8658AE4FFA}.Release|x64.Build.0 = Release|x64
		{828A2D64-EFAD-496C-A369-7C8658AE4FFA}.Release|x86.ActiveCfg = Release|x86
		{828A2D64-EFAD-496C-A369-7C8658AE4FFA}.Release|x86.Build.0 = Release|x86
		{7DC71691-EE21-4E64-8E1F-E1FA463EF4A4}.Debug|Any CPU.ActiveCfg = Debug|Any CPU
		{7DC71691-EE21-4E64-8E1F-E1FA463EF4A4}.Debug|Any CPU.Build.0 = Debug|Any CPU
		{7DC71691-EE21-4E64-8E1F-E1FA463EF4A4}.Debug|x64.ActiveCfg = Debug|Any CPU
		{7DC71691-EE21-4E64-8E1F-E1FA463EF4A4}.Debug|x64.Build.0 = Debug|Any CPU
		{7DC71691-EE21-4E64-8E1F-E1FA463EF4A4}.Debug|x86.ActiveCfg = Debug|Any CPU
		{7DC71691-EE21-4E64-8E1F-E1FA463EF4A4}.Debug|x86.Build.0 = Debug|Any CPU
		{7DC71691-EE21-4E64-8E1F-E1FA463EF4A4}.Release|Any CPU.ActiveCfg = Release|Any CPU
		{7DC71691-EE21-4E64-8E1F-E1FA463EF4A4}.Release|Any CPU.Build.0 = Release|Any CPU
		{7DC71691-EE21-4E64-8E1F-E1FA463EF4A4}.Release|x64.ActiveCfg = Release|Any CPU
		{7DC71691-EE21-4E64-8E1F-E1FA463EF4A4}.Release|x64.Build.0 = Release|Any CPU
		{7DC71691-EE21-4E64-8E1F-E1FA463EF4A4}.Release|x86.ActiveCfg = Release|Any CPU
		{7DC71691-EE21-4E64-8E1F-E1FA463EF4A4}.Release|x86.Build.0 = Release|Any CPU
		{55071C77-BA54-4F1A-9511-B5FE153D424C}.Debug|Any CPU.ActiveCfg = Debug|Any CPU
		{55071C77-BA54-4F1A-9511-B5FE153D424C}.Debug|Any CPU.Build.0 = Debug|Any CPU
		{55071C77-BA54-4F1A-9511-B5FE153D424C}.Debug|x64.ActiveCfg = Debug|Any CPU
		{55071C77-BA54-4F1A-9511-B5FE153D424C}.Debug|x64.Build.0 = Debug|Any CPU
		{55071C77-BA54-4F1A-9511-B5FE153D424C}.Debug|x86.ActiveCfg = Debug|Any CPU
		{55071C77-BA54-4F1A-9511-B5FE153D424C}.Debug|x86.Build.0 = Debug|Any CPU
		{55071C77-BA54-4F1A-9511-B5FE153D424C}.Release|Any CPU.ActiveCfg = Release|Any CPU
		{55071C77-BA54-4F1A-9511-B5FE153D424C}.Release|Any CPU.Build.0 = Release|Any CPU
		{55071C77-BA54-4F1A-9511-B5FE153D424C}.Release|x64.ActiveCfg = Release|Any CPU
		{55071C77-BA54-4F1A-9511-B5FE153D424C}.Release|x64.Build.0 = Release|Any CPU
		{55071C77-BA54-4F1A-9511-B5FE153D424C}.Release|x86.ActiveCfg = Release|Any CPU
		{55071C77-BA54-4F1A-9511-B5FE153D424C}.Release|x86.Build.0 = Release|Any CPU
		{EEA71C8C-11BC-45D2-A4C0-B4CEDC4942EF}.Debug|Any CPU.ActiveCfg = Debug|Any CPU
		{EEA71C8C-11BC-45D2-A4C0-B4CEDC4942EF}.Debug|Any CPU.Build.0 = Debug|Any CPU
		{EEA71C8C-11BC-45D2-A4C0-B4CEDC4942EF}.Debug|x64.ActiveCfg = Debug|Any CPU
		{EEA71C8C-11BC-45D2-A4C0-B4CEDC4942EF}.Debug|x64.Build.0 = Debug|Any CPU
		{EEA71C8C-11BC-45D2-A4C0-B4CEDC4942EF}.Debug|x86.ActiveCfg = Debug|Any CPU
		{EEA71C8C-11BC-45D2-A4C0-B4CEDC4942EF}.Debug|x86.Build.0 = Debug|Any CPU
		{EEA71C8C-11BC-45D2-A4C0-B4CEDC4942EF}.Release|Any CPU.ActiveCfg = Release|Any CPU
		{EEA71C8C-11BC-45D2-A4C0-B4CEDC4942EF}.Release|Any CPU.Build.0 = Release|Any CPU
		{EEA71C8C-11BC-45D2-A4C0-B4CEDC4942EF}.Release|x64.ActiveCfg = Release|Any CPU
		{EEA71C8C-11BC-45D2-A4C0-B4CEDC4942EF}.Release|x64.Build.0 = Release|Any CPU
		{EEA71C8C-11BC-45D2-A4C0-B4CEDC4942EF}.Release|x86.ActiveCfg = Release|Any CPU
		{EEA71C8C-11BC-45D2-A4C0-B4CEDC4942EF}.Release|x86.Build.0 = Release|Any CPU
	EndGlobalSection
	GlobalSection(SolutionProperties) = preSolution
		HideSolutionNode = FALSE
	EndGlobalSection
	GlobalSection(ExtensibilityGlobals) = postSolution
		SolutionGuid = {F574CB19-19AC-4122-92CF-C31EE68BD309}
	EndGlobalSection
EndGlobal
